
Microsoft Visual Studio Solution File, Format Version 12.00
# Visual Studio Version 17
VisualStudioVersion = 17.0.31903.59
MinimumVisualStudioVersion = 10.0.40219.1
Project("{FAE04EC0-301F-11D3-BF4B-00C04F79EFBC}") = "test", "test.csproj", "{38C96BEF-9382-4D5C-9282-55D6ACAAE580}"
EndProject
Global
	GlobalSection(SolutionConfigurationPlatforms) = preSolution
		Debug|Any CPU = Debug|Any CPU
		Release|Any CPU = Release|Any CPU
	EndGlobalSection
	GlobalSection(ProjectConfigurationPlatforms) = postSolution
		{38C96BEF-9382-4D5C-9282-55D6ACAAE580}.Debug|Any CPU.ActiveCfg = Debug|Any CPU
		{38C96BEF-9382-4D5C-9282-55D6ACAAE580}.Debug|Any CPU.Build.0 = Debug|Any CPU
		{38C96BEF-9382-4D5C-9282-55D6ACAAE580}.Release|Any CPU.ActiveCfg = Release|Any CPU
		{38C96BEF-9382-4D5C-9282-55D6ACAAE580}.Release|Any CPU.Build.0 = Release|Any CPU
	EndGlobalSection
	GlobalSection(SolutionProperties) = preSolution
		HideSolutionNode = FALSE
	EndGlobalSection
	GlobalSection(ExtensibilityGlobals) = postSolution
		SolutionGuid = {4FC4A71E-4CC0-453B-B141-1FCC0F6BD49C}
	EndGlobalSection
EndGlobal
