
Microsoft Visual Studio Solution File, Format Version 12.00
# Visual Studio Version 17
VisualStudioVersion = 17.0.31903.59
MinimumVisualStudioVersion = 10.0.40219.1
Project("{FAE04EC0-301F-11D3-BF4B-00C04F79EFBC}") = "Day04", "Day04.csproj", "{8C72B60D-D19E-4123-80D3-A03741E188CA}"
EndProject
Global
	GlobalSection(SolutionConfigurationPlatforms) = preSolution
		Debug|Any CPU = Debug|Any CPU
		Release|Any CPU = Release|Any CPU
	EndGlobalSection
	GlobalSection(ProjectConfigurationPlatforms) = postSolution
		{8C72B60D-D19E-4123-80D3-A03741E188CA}.Debug|Any CPU.ActiveCfg = Debug|Any CPU
		{8C72B60D-D19E-4123-80D3-A03741E188CA}.Debug|Any CPU.Build.0 = Debug|Any CPU
		{8C72B60D-D19E-4123-80D3-A03741E188CA}.Release|Any CPU.ActiveCfg = Release|Any CPU
		{8C72B60D-D19E-4123-80D3-A03741E188CA}.Release|Any CPU.Build.0 = Release|Any CPU
	EndGlobalSection
	GlobalSection(SolutionProperties) = preSolution
		HideSolutionNode = FALSE
	EndGlobalSection
	GlobalSection(ExtensibilityGlobals) = postSolution
		SolutionGuid = {3DD70A74-70DA-4842-AEDC-6D6D69FB34A9}
	EndGlobalSection
EndGlobal
