
Microsoft Visual Studio Solution File, Format Version 12.00
# Visual Studio Version 17
VisualStudioVersion = 17.0.31903.59
MinimumVisualStudioVersion = 10.0.40219.1
Project("{FAE04EC0-301F-11D3-BF4B-00C04F79EFBC}") = "Attribute", "Attribute.csproj", "{905D0AB8-1F5B-4A30-BBA7-172424556987}"
EndProject
Global
	GlobalSection(SolutionConfigurationPlatforms) = preSolution
		Debug|Any CPU = Debug|Any CPU
		Release|Any CPU = Release|Any CPU
	EndGlobalSection
	GlobalSection(ProjectConfigurationPlatforms) = postSolution
		{905D0AB8-1F5B-4A30-BBA7-172424556987}.Debug|Any CPU.ActiveCfg = Debug|Any CPU
		{905D0AB8-1F5B-4A30-BBA7-172424556987}.Debug|Any CPU.Build.0 = Debug|Any CPU
		{905D0AB8-1F5B-4A30-BBA7-172424556987}.Release|Any CPU.ActiveCfg = Release|Any CPU
		{905D0AB8-1F5B-4A30-BBA7-172424556987}.Release|Any CPU.Build.0 = Release|Any CPU
	EndGlobalSection
	GlobalSection(SolutionProperties) = preSolution
		HideSolutionNode = FALSE
	EndGlobalSection
	GlobalSection(ExtensibilityGlobals) = postSolution
		SolutionGuid = {B95AA1A8-F7D2-4F3D-90F9-A38728640B0D}
	EndGlobalSection
EndGlobal
