
Microsoft Visual Studio Solution File, Format Version 12.00
# Visual Studio Version 17
VisualStudioVersion = 17.0.31903.59
MinimumVisualStudioVersion = 10.0.40219.1
Project("{FAE04EC0-301F-11D3-BF4B-00C04F79EFBC}") = "文件操作", "文件操作.csproj", "{0AF4102C-9089-4746-9D14-145D3FA23A6A}"
EndProject
Global
	GlobalSection(SolutionConfigurationPlatforms) = preSolution
		Debug|Any CPU = Debug|Any CPU
		Release|Any CPU = Release|Any CPU
	EndGlobalSection
	GlobalSection(ProjectConfigurationPlatforms) = postSolution
		{0AF4102C-9089-4746-9D14-145D3FA23A6A}.Debug|Any CPU.ActiveCfg = Debug|Any CPU
		{0AF4102C-9089-4746-9D14-145D3FA23A6A}.Debug|Any CPU.Build.0 = Debug|Any CPU
		{0AF4102C-9089-4746-9D14-145D3FA23A6A}.Release|Any CPU.ActiveCfg = Release|Any CPU
		{0AF4102C-9089-4746-9D14-145D3FA23A6A}.Release|Any CPU.Build.0 = Release|Any CPU
	EndGlobalSection
	GlobalSection(SolutionProperties) = preSolution
		HideSolutionNode = FALSE
	EndGlobalSection
	GlobalSection(ExtensibilityGlobals) = postSolution
		SolutionGuid = {C2360074-3A14-4EAD-97BA-F9841DABE539}
	EndGlobalSection
EndGlobal
