
Microsoft Visual Studio Solution File, Format Version 12.00
# Visual Studio Version 17
VisualStudioVersion = 17.0.31903.59
MinimumVisualStudioVersion = 10.0.40219.1
Project("{FAE04EC0-301F-11D3-BF4B-00C04F79EFBC}") = "多态性", "多态性.csproj", "{74E7F0E1-16B9-49D9-BC4C-7A02F47A1047}"
EndProject
Global
	GlobalSection(SolutionConfigurationPlatforms) = preSolution
		Debug|Any CPU = Debug|Any CPU
		Release|Any CPU = Release|Any CPU
	EndGlobalSection
	GlobalSection(ProjectConfigurationPlatforms) = postSolution
		{74E7F0E1-16B9-49D9-BC4C-7A02F47A1047}.Debug|Any CPU.ActiveCfg = Debug|Any CPU
		{74E7F0E1-16B9-49D9-BC4C-7A02F47A1047}.Debug|Any CPU.Build.0 = Debug|Any CPU
		{74E7F0E1-16B9-49D9-BC4C-7A02F47A1047}.Release|Any CPU.ActiveCfg = Release|Any CPU
		{74E7F0E1-16B9-49D9-BC4C-7A02F47A1047}.Release|Any CPU.Build.0 = Release|Any CPU
	EndGlobalSection
	GlobalSection(SolutionProperties) = preSolution
		HideSolutionNode = FALSE
	EndGlobalSection
	GlobalSection(ExtensibilityGlobals) = postSolution
		SolutionGuid = {9953F94F-5860-45A8-95FD-4CFD88F60C91}
	EndGlobalSection
EndGlobal
