
Microsoft Visual Studio Solution File, Format Version 12.00
# Visual Studio Version 17
VisualStudioVersion = 17.0.31903.59
MinimumVisualStudioVersion = 10.0.40219.1
Project("{FAE04EC0-301F-11D3-BF4B-00C04F79EFBC}") = "数据库测试", "数据库测试.csproj", "{9981E1F0-8749-4438-A650-BFB7856EA141}"
EndProject
Global
	GlobalSection(SolutionConfigurationPlatforms) = preSolution
		Debug|Any CPU = Debug|Any CPU
		Release|Any CPU = Release|Any CPU
	EndGlobalSection
	GlobalSection(ProjectConfigurationPlatforms) = postSolution
		{9981E1F0-8749-4438-A650-BFB7856EA141}.Debug|Any CPU.ActiveCfg = Debug|Any CPU
		{9981E1F0-8749-4438-A650-BFB7856EA141}.Debug|Any CPU.Build.0 = Debug|Any CPU
		{9981E1F0-8749-4438-A650-BFB7856EA141}.Release|Any CPU.ActiveCfg = Release|Any CPU
		{9981E1F0-8749-4438-A650-BFB7856EA141}.Release|Any CPU.Build.0 = Release|Any CPU
	EndGlobalSection
	GlobalSection(SolutionProperties) = preSolution
		HideSolutionNode = FALSE
	EndGlobalSection
	GlobalSection(ExtensibilityGlobals) = postSolution
		SolutionGuid = {6BA2A19A-C889-491E-B6EE-EB045ABC6FB7}
	EndGlobalSection
EndGlobal
